
Microsoft Visual Studio Solution File, Format Version 12.00
# Visual Studio Version 17
VisualStudioVersion = 17.14.36414.22 d17.14
MinimumVisualStudioVersion = 10.0.40219.1
Project("{FAE04EC0-301F-11D3-BF4B-00C04F79EFBC}") = "ConcurrentPriorityQueue", "ConcurrentPriorityQueue.csproj", "{F705BBD4-4BC0-4548-A62D-B1E3ED26106D}"
EndProject
Global
	GlobalSection(SolutionConfigurationPlatforms) = preSolution
		Debug|Any CPU = Debug|Any CPU
		Release|Any CPU = Release|Any CPU
	EndGlobalSection
	GlobalSection(ProjectConfigurationPlatforms) = postSolution
		{F705BBD4-4BC0-4548-A62D-B1E3ED26106D}.Debug|Any CPU.ActiveCfg = Debug|Any CPU
		{F705BBD4-4BC0-4548-A62D-B1E3ED26106D}.Debug|Any CPU.Build.0 = Debug|Any CPU
		{F705BBD4-4BC0-4548-A62D-B1E3ED26106D}.Release|Any CPU.ActiveCfg = Release|Any CPU
		{F705BBD4-4BC0-4548-A62D-B1E3ED26106D}.Release|Any CPU.Build.0 = Release|Any CPU
	EndGlobalSection
	GlobalSection(SolutionProperties) = preSolution
		HideSolutionNode = FALSE
	EndGlobalSection
	GlobalSection(ExtensibilityGlobals) = postSolution
		SolutionGuid = {F55FBBD0-00D1-42BC-B77D-BC2DBF36424F}
	EndGlobalSection
EndGlobal
